
Microsoft Visual Studio Solution File, Format Version 12.00
# Visual Studio Version 17
VisualStudioVersion = 17.2.32526.322
MinimumVisualStudioVersion = 10.0.40219.1
Project("{9A19103F-16F7-4668-BE54-9A1E7A4F7556}") = "StarLab.UI", "StarLab.UI\StarLab.UI.csproj", "{BBBF7747-9EEF-4E8A-AAFA-575F44545CB8}"
EndProject
Project("{2150E333-8FDC-42A3-9474-1A3956D46DE8}") = "User Interface", "User Interface", "{3417EDB1-5EF3-4352-843D-F899A4FF1788}"
EndProject
Project("{2150E333-8FDC-42A3-9474-1A3956D46DE8}") = "Presentation", "Presentation", "{5F474B1E-EC21-4D57-ADD5-41709DDC2627}"
EndProject
Project("{2150E333-8FDC-42A3-9474-1A3956D46DE8}") = "Cross Cutting Concerns", "Cross Cutting Concerns", "{2690B547-E925-4105-85A3-652A8B5856C6}"
EndProject
Project("{2150E333-8FDC-42A3-9474-1A3956D46DE8}") = "Application", "Application", "{41E8476A-36C2-4347-BFCB-B4EA80538A16}"
EndProject
Project("{9A19103F-16F7-4668-BE54-9A1E7A4F7556}") = "StarLab.UI.Controls", "StarLab.UI.Controls\StarLab.UI.Controls.csproj", "{615072B9-BD82-44E0-9AB7-9C91659CD94D}"
EndProject
Project("{9A19103F-16F7-4668-BE54-9A1E7A4F7556}") = "StarLab.Shared.Resources", "StarLab.Shared.Resources\StarLab.Shared.Resources.csproj", "{1CD3329D-0221-4C65-B7AE-011CF1B87286}"
EndProject
Project("{9A19103F-16F7-4668-BE54-9A1E7A4F7556}") = "StarLab.Presentation.Core", "StarLab.Presentation.Core\StarLab.Presentation.Core.csproj", "{6DD08455-5EAF-4A20-AC08-87C4957937D7}"
EndProject
Project("{9A19103F-16F7-4668-BE54-9A1E7A4F7556}") = "StarLab.Presentation", "StarLab.Presentation\StarLab.Presentation.csproj", "{583472DA-222E-46FA-9DD7-1C31F115D22C}"
EndProject
Project("{2150E333-8FDC-42A3-9474-1A3956D46DE8}") = "Domain", "Domain", "{FCC0C76B-ADB5-4FF9-8170-D171FC9532F0}"
EndProject
Project("{2150E333-8FDC-42A3-9474-1A3956D46DE8}") = "Infrastructure", "Infrastructure", "{D8D69DEA-16CB-482B-A942-453FDDD6720B}"
EndProject
Project("{9A19103F-16F7-4668-BE54-9A1E7A4F7556}") = "StarLab.Application.Core", "StarLab.Application.Core\StarLab.Application.Core.csproj", "{32956A5D-C947-4182-8B93-49F7B6E59617}"
EndProject
Project("{9A19103F-16F7-4668-BE54-9A1E7A4F7556}") = "StarLab.Application", "StarLab.Application\StarLab.Application.csproj", "{DE44E921-DF2A-434F-BA20-4217C91A8B29}"
EndProject
Project("{9A19103F-16F7-4668-BE54-9A1E7A4F7556}") = "StarLab.Serialisation", "StarLab.Persistence\StarLab.Serialisation.csproj", "{D03836DF-4703-4786-9D52-806FEF5C7924}"
EndProject
Project("{9A19103F-16F7-4668-BE54-9A1E7A4F7556}") = "Pegasus", "Pegasus\Pegasus.csproj", "{C20F86ED-005C-4EDC-8210-DAC09CCC0F43}"
EndProject
Project("{9A19103F-16F7-4668-BE54-9A1E7A4F7556}") = "StarLab.Application.Tests", "StarLab.Application.Tests\StarLab.Application.Tests.csproj", "{7284AB22-FD61-41C0-B9E2-5DAD788D29EA}"
EndProject
Project("{9A19103F-16F7-4668-BE54-9A1E7A4F7556}") = "Pegasus.Tests", "Pegasus.Tests\Pegasus.Tests.csproj", "{C7396108-9CC7-41BA-B8DC-FF26C377E417}"
EndProject
Project("{2150E333-8FDC-42A3-9474-1A3956D46DE8}") = "Persistence", "Persistence", "{839E7B8B-C86A-47E0-82F6-9E4F4CCD53EA}"
EndProject
Project("{9A19103F-16F7-4668-BE54-9A1E7A4F7556}") = "Stratosoft.Commands", "Stratosoft.Commands\Stratosoft.Commands.csproj", "{4E10851D-8E11-4FCC-8DBC-5983AC701CCE}"
EndProject
Project("{9A19103F-16F7-4668-BE54-9A1E7A4F7556}") = "Stratosoft.Commands.Tests", "Stratosoft.Commands.Tests\Stratosoft.Commands.Tests.csproj", "{CFAE965A-4861-42E4-8A1C-F3F8138068EF}"
EndProject
Project("{FAE04EC0-301F-11D3-BF4B-00C04F79EFBC}") = "StarLab.Domain.Core", "StarLab.Domain.Core\StarLab.Domain.Core.csproj", "{86490402-1BA7-4AC7-AAF9-FD92C22B36C7}"
EndProject
Project("{FAE04EC0-301F-11D3-BF4B-00C04F79EFBC}") = "Stratosoft.File.IO", "Stratosoft.File.IO\Stratosoft.File.IO.csproj", "{2A1F910B-7708-43F3-A914-FA1B2A21E7AD}"
EndProject
Project("{FAE04EC0-301F-11D3-BF4B-00C04F79EFBC}") = "Stratosoft.File.IO.Tests", "Stratosoft.File.IO.Tests\Stratosoft.File.IO.Tests.csproj", "{D89F1B6E-3B4A-43B1-A269-9DE5C32B6494}"
EndProject
Project("{FAE04EC0-301F-11D3-BF4B-00C04F79EFBC}") = "StarLab.Data", "StarLab.Data\StarLab.Data.csproj", "{34D0162C-3F4F-4864-9A56-2127703C5449}"
EndProject
Project("{FAE04EC0-301F-11D3-BF4B-00C04F79EFBC}") = "StarLab.Data.Tests", "StarLab.Data.Tests\StarLab.Data.Tests.csproj", "{8A4053B5-A65B-4519-9A11-5746EA6FC559}"
EndProject
Project("{FAE04EC0-301F-11D3-BF4B-00C04F79EFBC}") = "StarLab.Domain.Core.Tests", "StarLab.Domain.Core.Tests\StarLab.Domain.Core.Tests.csproj", "{CC7F4285-644A-4B31-B419-0ECB6A48AB3C}"
EndProject
Project("{FAE04EC0-301F-11D3-BF4B-00C04F79EFBC}") = "Stratosoft.Nomenclature", "Stratosoft.Nomenclature\Stratosoft.Nomenclature.csproj", "{D4B3B344-9E42-7A7F-52FA-14CD6EB6A8F4}"
EndProject
Project("{FAE04EC0-301F-11D3-BF4B-00C04F79EFBC}") = "Stratosoft.Nomenclature.Tests", "Stratosoft.Nomenclature.Tests\Stratosoft.Nomenclature.Tests.csproj", "{57CDC052-ED1C-C361-D31D-21AE0895E3E8}"
EndProject
Project("{FAE04EC0-301F-11D3-BF4B-00C04F79EFBC}") = "StarLab.Presentation.Tests", "StarLab.Presentation.Tests\StarLab.Presentation.Tests.csproj", "{24B327D3-B180-4270-B8B7-83F9F83B2E38}"
EndProject
Project("{FAE04EC0-301F-11D3-BF4B-00C04F79EFBC}") = "StarLab.Serialisation.Tests", "StarLab.Serialisation.Tests\StarLab.Serialisation.Tests.csproj", "{CE233FA5-8F0B-4320-A57B-EFD602AAF5E6}"
EndProject
Project("{FAE04EC0-301F-11D3-BF4B-00C04F79EFBC}") = "StarLab.Tests", "StarLab.Tests\StarLab.Tests.csproj", "{742372E4-85F5-4B0B-BB49-FF31365D53E2}"
EndProject
Global
	GlobalSection(SolutionConfigurationPlatforms) = preSolution
		Debug|Any CPU = Debug|Any CPU
		Release|Any CPU = Release|Any CPU
	EndGlobalSection
	GlobalSection(ProjectConfigurationPlatforms) = postSolution
		{BBBF7747-9EEF-4E8A-AAFA-575F44545CB8}.Debug|Any CPU.ActiveCfg = Debug|Any CPU
		{BBBF7747-9EEF-4E8A-AAFA-575F44545CB8}.Debug|Any CPU.Build.0 = Debug|Any CPU
		{BBBF7747-9EEF-4E8A-AAFA-575F44545CB8}.Release|Any CPU.ActiveCfg = Release|Any CPU
		{BBBF7747-9EEF-4E8A-AAFA-575F44545CB8}.Release|Any CPU.Build.0 = Release|Any CPU
		{615072B9-BD82-44E0-9AB7-9C91659CD94D}.Debug|Any CPU.ActiveCfg = Debug|Any CPU
		{615072B9-BD82-44E0-9AB7-9C91659CD94D}.Debug|Any CPU.Build.0 = Debug|Any CPU
		{615072B9-BD82-44E0-9AB7-9C91659CD94D}.Release|Any CPU.ActiveCfg = Release|Any CPU
		{615072B9-BD82-44E0-9AB7-9C91659CD94D}.Release|Any CPU.Build.0 = Release|Any CPU
		{1CD3329D-0221-4C65-B7AE-011CF1B87286}.Debug|Any CPU.ActiveCfg = Debug|Any CPU
		{1CD3329D-0221-4C65-B7AE-011CF1B87286}.Debug|Any CPU.Build.0 = Debug|Any CPU
		{1CD3329D-0221-4C65-B7AE-011CF1B87286}.Release|Any CPU.ActiveCfg = Release|Any CPU
		{1CD3329D-0221-4C65-B7AE-011CF1B87286}.Release|Any CPU.Build.0 = Release|Any CPU
		{6DD08455-5EAF-4A20-AC08-87C4957937D7}.Debug|Any CPU.ActiveCfg = Debug|Any CPU
		{6DD08455-5EAF-4A20-AC08-87C4957937D7}.Debug|Any CPU.Build.0 = Debug|Any CPU
		{6DD08455-5EAF-4A20-AC08-87C4957937D7}.Release|Any CPU.ActiveCfg = Release|Any CPU
		{6DD08455-5EAF-4A20-AC08-87C4957937D7}.Release|Any CPU.Build.0 = Release|Any CPU
		{583472DA-222E-46FA-9DD7-1C31F115D22C}.Debug|Any CPU.ActiveCfg = Debug|Any CPU
		{583472DA-222E-46FA-9DD7-1C31F115D22C}.Debug|Any CPU.Build.0 = Debug|Any CPU
		{583472DA-222E-46FA-9DD7-1C31F115D22C}.Release|Any CPU.ActiveCfg = Release|Any CPU
		{583472DA-222E-46FA-9DD7-1C31F115D22C}.Release|Any CPU.Build.0 = Release|Any CPU
		{32956A5D-C947-4182-8B93-49F7B6E59617}.Debug|Any CPU.ActiveCfg = Debug|Any CPU
		{32956A5D-C947-4182-8B93-49F7B6E59617}.Debug|Any CPU.Build.0 = Debug|Any CPU
		{32956A5D-C947-4182-8B93-49F7B6E59617}.Release|Any CPU.ActiveCfg = Release|Any CPU
		{32956A5D-C947-4182-8B93-49F7B6E59617}.Release|Any CPU.Build.0 = Release|Any CPU
		{DE44E921-DF2A-434F-BA20-4217C91A8B29}.Debug|Any CPU.ActiveCfg = Debug|Any CPU
		{DE44E921-DF2A-434F-BA20-4217C91A8B29}.Debug|Any CPU.Build.0 = Debug|Any CPU
		{DE44E921-DF2A-434F-BA20-4217C91A8B29}.Release|Any CPU.ActiveCfg = Release|Any CPU
		{DE44E921-DF2A-434F-BA20-4217C91A8B29}.Release|Any CPU.Build.0 = Release|Any CPU
		{D03836DF-4703-4786-9D52-806FEF5C7924}.Debug|Any CPU.ActiveCfg = Debug|Any CPU
		{D03836DF-4703-4786-9D52-806FEF5C7924}.Debug|Any CPU.Build.0 = Debug|Any CPU
		{D03836DF-4703-4786-9D52-806FEF5C7924}.Release|Any CPU.ActiveCfg = Release|Any CPU
		{D03836DF-4703-4786-9D52-806FEF5C7924}.Release|Any CPU.Build.0 = Release|Any CPU
		{C20F86ED-005C-4EDC-8210-DAC09CCC0F43}.Debug|Any CPU.ActiveCfg = Debug|Any CPU
		{C20F86ED-005C-4EDC-8210-DAC09CCC0F43}.Debug|Any CPU.Build.0 = Debug|Any CPU
		{C20F86ED-005C-4EDC-8210-DAC09CCC0F43}.Release|Any CPU.ActiveCfg = Release|Any CPU
		{C20F86ED-005C-4EDC-8210-DAC09CCC0F43}.Release|Any CPU.Build.0 = Release|Any CPU
		{7284AB22-FD61-41C0-B9E2-5DAD788D29EA}.Debug|Any CPU.ActiveCfg = Debug|Any CPU
		{7284AB22-FD61-41C0-B9E2-5DAD788D29EA}.Debug|Any CPU.Build.0 = Debug|Any CPU
		{7284AB22-FD61-41C0-B9E2-5DAD788D29EA}.Release|Any CPU.ActiveCfg = Release|Any CPU
		{7284AB22-FD61-41C0-B9E2-5DAD788D29EA}.Release|Any CPU.Build.0 = Release|Any CPU
		{C7396108-9CC7-41BA-B8DC-FF26C377E417}.Debug|Any CPU.ActiveCfg = Debug|Any CPU
		{C7396108-9CC7-41BA-B8DC-FF26C377E417}.Debug|Any CPU.Build.0 = Debug|Any CPU
		{C7396108-9CC7-41BA-B8DC-FF26C377E417}.Release|Any CPU.ActiveCfg = Release|Any CPU
		{C7396108-9CC7-41BA-B8DC-FF26C377E417}.Release|Any CPU.Build.0 = Release|Any CPU
		{4E10851D-8E11-4FCC-8DBC-5983AC701CCE}.Debug|Any CPU.ActiveCfg = Debug|Any CPU
		{4E10851D-8E11-4FCC-8DBC-5983AC701CCE}.Debug|Any CPU.Build.0 = Debug|Any CPU
		{4E10851D-8E11-4FCC-8DBC-5983AC701CCE}.Release|Any CPU.ActiveCfg = Release|Any CPU
		{4E10851D-8E11-4FCC-8DBC-5983AC701CCE}.Release|Any CPU.Build.0 = Release|Any CPU
		{CFAE965A-4861-42E4-8A1C-F3F8138068EF}.Debug|Any CPU.ActiveCfg = Debug|Any CPU
		{CFAE965A-4861-42E4-8A1C-F3F8138068EF}.Debug|Any CPU.Build.0 = Debug|Any CPU
		{CFAE965A-4861-42E4-8A1C-F3F8138068EF}.Release|Any CPU.ActiveCfg = Release|Any CPU
		{CFAE965A-4861-42E4-8A1C-F3F8138068EF}.Release|Any CPU.Build.0 = Release|Any CPU
		{86490402-1BA7-4AC7-AAF9-FD92C22B36C7}.Debug|Any CPU.ActiveCfg = Debug|Any CPU
		{86490402-1BA7-4AC7-AAF9-FD92C22B36C7}.Debug|Any CPU.Build.0 = Debug|Any CPU
		{86490402-1BA7-4AC7-AAF9-FD92C22B36C7}.Release|Any CPU.ActiveCfg = Release|Any CPU
		{86490402-1BA7-4AC7-AAF9-FD92C22B36C7}.Release|Any CPU.Build.0 = Release|Any CPU
		{2A1F910B-7708-43F3-A914-FA1B2A21E7AD}.Debug|Any CPU.ActiveCfg = Debug|Any CPU
		{2A1F910B-7708-43F3-A914-FA1B2A21E7AD}.Debug|Any CPU.Build.0 = Debug|Any CPU
		{2A1F910B-7708-43F3-A914-FA1B2A21E7AD}.Release|Any CPU.ActiveCfg = Release|Any CPU
		{2A1F910B-7708-43F3-A914-FA1B2A21E7AD}.Release|Any CPU.Build.0 = Release|Any CPU
		{D89F1B6E-3B4A-43B1-A269-9DE5C32B6494}.Debug|Any CPU.ActiveCfg = Debug|Any CPU
		{D89F1B6E-3B4A-43B1-A269-9DE5C32B6494}.Debug|Any CPU.Build.0 = Debug|Any CPU
		{D89F1B6E-3B4A-43B1-A269-9DE5C32B6494}.Release|Any CPU.ActiveCfg = Release|Any CPU
		{D89F1B6E-3B4A-43B1-A269-9DE5C32B6494}.Release|Any CPU.Build.0 = Release|Any CPU
		{34D0162C-3F4F-4864-9A56-2127703C5449}.Debug|Any CPU.ActiveCfg = Debug|Any CPU
		{34D0162C-3F4F-4864-9A56-2127703C5449}.Debug|Any CPU.Build.0 = Debug|Any CPU
		{34D0162C-3F4F-4864-9A56-2127703C5449}.Release|Any CPU.ActiveCfg = Release|Any CPU
		{34D0162C-3F4F-4864-9A56-2127703C5449}.Release|Any CPU.Build.0 = Release|Any CPU
		{8A4053B5-A65B-4519-9A11-5746EA6FC559}.Debug|Any CPU.ActiveCfg = Debug|Any CPU
		{8A4053B5-A65B-4519-9A11-5746EA6FC559}.Debug|Any CPU.Build.0 = Debug|Any CPU
		{8A4053B5-A65B-4519-9A11-5746EA6FC559}.Release|Any CPU.ActiveCfg = Release|Any CPU
		{8A4053B5-A65B-4519-9A11-5746EA6FC559}.Release|Any CPU.Build.0 = Release|Any CPU
		{CC7F4285-644A-4B31-B419-0ECB6A48AB3C}.Debug|Any CPU.ActiveCfg = Debug|Any CPU
		{CC7F4285-644A-4B31-B419-0ECB6A48AB3C}.Debug|Any CPU.Build.0 = Debug|Any CPU
		{CC7F4285-644A-4B31-B419-0ECB6A48AB3C}.Release|Any CPU.ActiveCfg = Release|Any CPU
		{CC7F4285-644A-4B31-B419-0ECB6A48AB3C}.Release|Any CPU.Build.0 = Release|Any CPU
		{D4B3B344-9E42-7A7F-52FA-14CD6EB6A8F4}.Debug|Any CPU.ActiveCfg = Debug|Any CPU
		{D4B3B344-9E42-7A7F-52FA-14CD6EB6A8F4}.Debug|Any CPU.Build.0 = Debug|Any CPU
		{D4B3B344-9E42-7A7F-52FA-14CD6EB6A8F4}.Release|Any CPU.ActiveCfg = Release|Any CPU
		{D4B3B344-9E42-7A7F-52FA-14CD6EB6A8F4}.Release|Any CPU.Build.0 = Release|Any CPU
		{57CDC052-ED1C-C361-D31D-21AE0895E3E8}.Debug|Any CPU.ActiveCfg = Debug|Any CPU
		{57CDC052-ED1C-C361-D31D-21AE0895E3E8}.Debug|Any CPU.Build.0 = Debug|Any CPU
		{57CDC052-ED1C-C361-D31D-21AE0895E3E8}.Release|Any CPU.ActiveCfg = Release|Any CPU
		{57CDC052-ED1C-C361-D31D-21AE0895E3E8}.Release|Any CPU.Build.0 = Release|Any CPU
		{24B327D3-B180-4270-B8B7-83F9F83B2E38}.Debug|Any CPU.ActiveCfg = Debug|Any CPU
		{24B327D3-B180-4270-B8B7-83F9F83B2E38}.Debug|Any CPU.Build.0 = Debug|Any CPU
		{24B327D3-B180-4270-B8B7-83F9F83B2E38}.Release|Any CPU.ActiveCfg = Release|Any CPU
		{24B327D3-B180-4270-B8B7-83F9F83B2E38}.Release|Any CPU.Build.0 = Release|Any CPU
		{CE233FA5-8F0B-4320-A57B-EFD602AAF5E6}.Debug|Any CPU.ActiveCfg = Debug|Any CPU
		{CE233FA5-8F0B-4320-A57B-EFD602AAF5E6}.Debug|Any CPU.Build.0 = Debug|Any CPU
		{CE233FA5-8F0B-4320-A57B-EFD602AAF5E6}.Release|Any CPU.ActiveCfg = Release|Any CPU
		{CE233FA5-8F0B-4320-A57B-EFD602AAF5E6}.Release|Any CPU.Build.0 = Release|Any CPU
		{742372E4-85F5-4B0B-BB49-FF31365D53E2}.Debug|Any CPU.ActiveCfg = Debug|Any CPU
		{742372E4-85F5-4B0B-BB49-FF31365D53E2}.Debug|Any CPU.Build.0 = Debug|Any CPU
		{742372E4-85F5-4B0B-BB49-FF31365D53E2}.Release|Any CPU.ActiveCfg = Release|Any CPU
		{742372E4-85F5-4B0B-BB49-FF31365D53E2}.Release|Any CPU.Build.0 = Release|Any CPU
	EndGlobalSection
	GlobalSection(SolutionProperties) = preSolution
		HideSolutionNode = FALSE
	EndGlobalSection
	GlobalSection(NestedProjects) = preSolution
		{BBBF7747-9EEF-4E8A-AAFA-575F44545CB8} = {3417EDB1-5EF3-4352-843D-F899A4FF1788}
		{615072B9-BD82-44E0-9AB7-9C91659CD94D} = {3417EDB1-5EF3-4352-843D-F899A4FF1788}
		{1CD3329D-0221-4C65-B7AE-011CF1B87286} = {2690B547-E925-4105-85A3-652A8B5856C6}
		{6DD08455-5EAF-4A20-AC08-87C4957937D7} = {5F474B1E-EC21-4D57-ADD5-41709DDC2627}
		{583472DA-222E-46FA-9DD7-1C31F115D22C} = {5F474B1E-EC21-4D57-ADD5-41709DDC2627}
		{32956A5D-C947-4182-8B93-49F7B6E59617} = {41E8476A-36C2-4347-BFCB-B4EA80538A16}
		{DE44E921-DF2A-434F-BA20-4217C91A8B29} = {41E8476A-36C2-4347-BFCB-B4EA80538A16}
		{D03836DF-4703-4786-9D52-806FEF5C7924} = {D8D69DEA-16CB-482B-A942-453FDDD6720B}
		{C20F86ED-005C-4EDC-8210-DAC09CCC0F43} = {FCC0C76B-ADB5-4FF9-8170-D171FC9532F0}
		{7284AB22-FD61-41C0-B9E2-5DAD788D29EA} = {41E8476A-36C2-4347-BFCB-B4EA80538A16}
		{C7396108-9CC7-41BA-B8DC-FF26C377E417} = {FCC0C76B-ADB5-4FF9-8170-D171FC9532F0}
		{4E10851D-8E11-4FCC-8DBC-5983AC701CCE} = {D8D69DEA-16CB-482B-A942-453FDDD6720B}
		{CFAE965A-4861-42E4-8A1C-F3F8138068EF} = {D8D69DEA-16CB-482B-A942-453FDDD6720B}
		{86490402-1BA7-4AC7-AAF9-FD92C22B36C7} = {FCC0C76B-ADB5-4FF9-8170-D171FC9532F0}
		{2A1F910B-7708-43F3-A914-FA1B2A21E7AD} = {D8D69DEA-16CB-482B-A942-453FDDD6720B}
		{D89F1B6E-3B4A-43B1-A269-9DE5C32B6494} = {D8D69DEA-16CB-482B-A942-453FDDD6720B}
		{34D0162C-3F4F-4864-9A56-2127703C5449} = {839E7B8B-C86A-47E0-82F6-9E4F4CCD53EA}
		{8A4053B5-A65B-4519-9A11-5746EA6FC559} = {839E7B8B-C86A-47E0-82F6-9E4F4CCD53EA}
		{CC7F4285-644A-4B31-B419-0ECB6A48AB3C} = {FCC0C76B-ADB5-4FF9-8170-D171FC9532F0}
		{D4B3B344-9E42-7A7F-52FA-14CD6EB6A8F4} = {FCC0C76B-ADB5-4FF9-8170-D171FC9532F0}
		{57CDC052-ED1C-C361-D31D-21AE0895E3E8} = {FCC0C76B-ADB5-4FF9-8170-D171FC9532F0}
		{24B327D3-B180-4270-B8B7-83F9F83B2E38} = {5F474B1E-EC21-4D57-ADD5-41709DDC2627}
		{CE233FA5-8F0B-4320-A57B-EFD602AAF5E6} = {D8D69DEA-16CB-482B-A942-453FDDD6720B}
		{742372E4-85F5-4B0B-BB49-FF31365D53E2} = {2690B547-E925-4105-85A3-652A8B5856C6}
	EndGlobalSection
	GlobalSection(ExtensibilityGlobals) = postSolution
		SolutionGuid = {C901BDDE-CD19-4752-8A90-F4800FC22F0F}
	EndGlobalSection
EndGlobal
